# This file is automatically @generated by Poetry 2.2.0 and should not be changed by hand.

[[package]]
name = "mwparserfromhell"
version = "0.7.2"
description = "MWParserFromHell is a parser for MediaWiki wikicode"
optional = false
python-versions = ">=3.9"
groups = ["stubtest"]
files = [
    {file = "mwparserfromhell-0.7.2-cp310-cp310-macosx_10_9_x86_64.whl", hash = "sha256:09ba9480b5714d0016610bc16d714f919b1600f7d605a9f0cfee008618d380ea"},
    {file = "mwparserfromhell-0.7.2-cp310-cp310-macosx_11_0_arm64.whl", hash = "sha256:95281cada10011728f0203c7306ec903959e7b18d39b4b65af9f4071ffe5b312"},
    {file = "mwparserfromhell-0.7.2-cp310-cp310-manylinux2014_aarch64.manylinux_2_17_aarch64.manylinux_2_28_aarch64.whl", hash = "sha256:2cfa66c619cf91867c96581ab7bb5e39553bf5895020369a6eada1368a6e4443"},
    {file = "mwparserfromhell-0.7.2-cp310-cp310-manylinux2014_x86_64.manylinux_2_17_x86_64.manylinux_2_28_x86_64.whl", hash = "sha256:60e4d7f307ad093626ab81c65b28c403561c5f9bd68c9fa183e75aa0e7d11de7"},
    {file = "mwparserfromhell-0.7.2-cp310-cp310-musllinux_1_2_aarch64.whl", hash = "sha256:6cdcc5f54a8cc86d507a678ac408975fce74b11320d0b31ab3c3691b99e38711"},
    {file = "mwparserfromhell-0.7.2-cp310-cp310-musllinux_1_2_x86_64.whl", hash = "sha256:355d792992447f348c8a5573a89cdc62d4f58f33608d9bd7403fec83e384cecf"},
    {file = "mwparserfromhell-0.7.2-cp310-cp310-win32.whl", hash = "sha256:ef17d069ccbaecc830c30e8ac6a27d51576a36e6829bac19af0c347f2d2ed495"},
    {file = "mwparserfromhell-0.7.2-cp310-cp310-win_amd64.whl", hash = "sha256:a9cf2da9d50823f10212bc2a05bb0bba201625a7bce317d003fe4cf34d22e312"},
    {file = "mwparserfromhell-0.7.2-cp311-cp311-macosx_10_9_x86_64.whl", hash = "sha256:def35318e734e684cf28d20bf81d586514463bb01c6946bd8a5ec3a2ffc28660"},
    {file = "mwparserfromhell-0.7.2-cp311-cp311-macosx_11_0_arm64.whl", hash = "sha256:ba3dabf3145a45f4cf8419735018e4e84101b72df0aa045eca7ca5529f3d0f5f"},
    {file = "mwparserfromhell-0.7.2-cp311-cp311-manylinux2014_aarch64.manylinux_2_17_aarch64.manylinux_2_28_aarch64.whl", hash = "sha256:d51c59fa0c994d5df78fa72cb57107f6e8bac919cdcfd6b0e3c23203e0272038"},
    {file = "mwparserfromhell-0.7.2-cp311-cp311-manylinux2014_x86_64.manylinux_2_17_x86_64.manylinux_2_28_x86_64.whl", hash = "sha256:b31789c4d255c027d3075b935a5020efde547dbfbc57ea20abb16d842c52411a"},
    {file = "mwparserfromhell-0.7.2-cp311-cp311-musllinux_1_2_aarch64.whl", hash = "sha256:beaf750c25d0d2fc0de8f6b301e96c6723630a9f6b2ba02ce65d642021bfbf28"},
    {file = "mwparserfromhell-0.7.2-cp311-cp311-musllinux_1_2_x86_64.whl", hash = "sha256:cd8549a2250959a3a2570e24783bfe682d170b02d06ad7727f29e29f4e672f65"},
    {file = "mwparserfromhell-0.7.2-cp311-cp311-win32.whl", hash = "sha256:7713a695a64ca71e627ccc7b2a393a8aadf9b94f83600b4874ee80fbe834fbfd"},
    {file = "mwparserfromhell-0.7.2-cp311-cp311-win_amd64.whl", hash = "sha256:b9715e7d62adf80e7df80526b6eda873eca55826d16d1c6e197fe0ca506d31fc"},
    {file = "mwparserfromhell-0.7.2-cp312-cp312-macosx_10_13_x86_64.whl", hash = "sha256:bc75b1de65ce5b05823942398f77265650a29e13cff6495a15d3c3573cbf7b1a"},
    {file = "mwparserfromhell-0.7.2-cp312-cp312-macosx_11_0_arm64.whl", hash = "sha256:efe6e5255379ff66a08d2102004b26a456692dafbab0cb1e52bed275a43f1c4c"},
    {file = "mwparserfromhell-0.7.2-cp312-cp312-manylinux2014_aarch64.manylinux_2_17_aarch64.manylinux_2_28_aarch64.whl", hash = "sha256:680c96019a62d6f815dad4e7c921383284485ba1f69353ed7ead02d3f232edfc"},
    {file = "mwparserfromhell-0.7.2-cp312-cp312-manylinux2014_x86_64.manylinux_2_17_x86_64.manylinux_2_28_x86_64.whl", hash = "sha256:1c992003d7a053963006c94ce7eeaf509575c02bf132181da8130086c18ad5df"},
    {file = "mwparserfromhell-0.7.2-cp312-cp312-musllinux_1_2_aarch64.whl", hash = "sha256:2a387532607b4d381baba5c8079f75e5a0201da2506ecd0657034c6b40c8d1e1"},
    {file = "mwparserfromhell-0.7.2-cp312-cp312-musllinux_1_2_x86_64.whl", hash = "sha256:b34e5bcd5d7c1c80066abe601e39043f86bd43a581b7c6b46299e84e045e1c83"},
    {file = "mwparserfromhell-0.7.2-cp312-cp312-win32.whl", hash = "sha256:33115b533e789935c1efd4f32a4b6082b597198499b176a05dd73a94a37232be"},
    {file = "mwparserfromhell-0.7.2-cp312-cp312-win_amd64.whl", hash = "sha256:4bd6e388b5e0f247c3b2484acb2a4bec4f7ba81598fa25956ec93b7abbd17fbe"},
    {file = "mwparserfromhell-0.7.2-cp313-cp313-macosx_10_13_x86_64.whl", hash = "sha256:6032df04279c38b9eaaa332a608dd8241aa31f6f034d6ecdba1b4582fbb548b9"},
    {file = "mwparserfromhell-0.7.2-cp313-cp313-macosx_11_0_arm64.whl", hash = "sha256:6316f6bd1ca8451b312399b44b0b75096981f0fe92fbea108bade29af66bea9b"},
    {file = "mwparserfromhell-0.7.2-cp313-cp313-manylinux2014_aarch64.manylinux_2_17_aarch64.manylinux_2_28_aarch64.whl", hash = "sha256:535c2e8b9aedf3b00fbbb9942df4a659bc66dfb8feb6fca114e97cef48d64680"},
    {file = "mwparserfromhell-0.7.2-cp313-cp313-manylinux2014_x86_64.manylinux_2_17_x86_64.manylinux_2_28_x86_64.whl", hash = "sha256:b5345e6b42db45d48162c7bad9b2ce71b6a5ba2e2dea3987eb82b991e5cb9918"},
    {file = "mwparserfromhell-0.7.2-cp313-cp313-musllinux_1_2_aarch64.whl", hash = "sha256:fef24a97b0b08f02646be2e018284884f8e6cb9740eea60a10404b5369c04ef6"},
    {file = "mwparserfromhell-0.7.2-cp313-cp313-musllinux_1_2_x86_64.whl", hash = "sha256:4ed1d61927d0ad618352732dc2a2218f3b14e19a6ee6e490b42a6ed535acc301"},
    {file = "mwparserfromhell-0.7.2-cp313-cp313-win32.whl", hash = "sha256:0661642c78f8d13369d09401a5c4240f4c91b5af1317e66d7f6270b8b0aecd85"},
    {file = "mwparserfromhell-0.7.2-cp313-cp313-win_amd64.whl", hash = "sha256:52f193b59c1b6109b210ad85536ce3c569861c3bb9da7b1875618d8ba54c396f"},
    {file = "mwparserfromhell-0.7.2-cp39-cp39-macosx_10_9_x86_64.whl", hash = "sha256:e7b1fef77217efc2d23fb683a17c1042ba9c8a071af751fafea8e5464ffdeca5"},
    {file = "mwparserfromhell-0.7.2-cp39-cp39-macosx_11_0_arm64.whl", hash = "sha256:2d7efeeb636e7363964586b6a960bc24a387fa27910d6f919e2f75b9365872cd"},
    {file = "mwparserfromhell-0.7.2-cp39-cp39-manylinux2014_aarch64.manylinux_2_17_aarch64.manylinux_2_28_aarch64.whl", hash = "sha256:15baa2be5610a48f33d018b4c0fbcd2040a4e9450393ffec54bc4fbfb5e75521"},
    {file = "mwparserfromhell-0.7.2-cp39-cp39-manylinux2014_x86_64.manylinux_2_17_x86_64.manylinux_2_28_x86_64.whl", hash = "sha256:2b9549824664f92bdbb4aaff65379c5bc455a4c2bfe2cef2ba2f1cb01a24d643"},
    {file = "mwparserfromhell-0.7.2-cp39-cp39-musllinux_1_2_aarch64.whl", hash = "sha256:e54b03e04adf908c930a0038d036f9b182952821f211a325920a46d6720f695d"},
    {file = "mwparserfromhell-0.7.2-cp39-cp39-musllinux_1_2_x86_64.whl", hash = "sha256:17165898020db7333a71d222cc434f8f5ade893374425b51954f53268466c832"},
    {file = "mwparserfromhell-0.7.2-cp39-cp39-win32.whl", hash = "sha256:eefbb248976d61db29ff3f34fe6c0556b3b7e70ac145cbd2d75c7fd16f9bb4d5"},
    {file = "mwparserfromhell-0.7.2-cp39-cp39-win_amd64.whl", hash = "sha256:8797fd2891df1d35d057fe9c93eb834d21d5c90036dcaccf993db3de5a876c9f"},
    {file = "mwparserfromhell-0.7.2.tar.gz", hash = "sha256:f4193072e9ea93b9e88f772f60a02125c0602d32890d0bbdcb275ed58c8b3763"},
]

[[package]]
name = "mypy"
version = "1.18.1"
description = "Optional static typing for Python"
optional = false
python-versions = ">=3.9"
groups = ["typing"]
files = [
    {file = "mypy-1.18.1-cp310-cp310-macosx_10_9_x86_64.whl", hash = "sha256:2761b6ae22a2b7d8e8607fb9b81ae90bc2e95ec033fd18fa35e807af6c657763"},
    {file = "mypy-1.18.1-cp310-cp310-macosx_11_0_arm64.whl", hash = "sha256:5b10e3ea7f2eec23b4929a3fabf84505da21034a4f4b9613cda81217e92b74f3"},
    {file = "mypy-1.18.1-cp310-cp310-manylinux2014_aarch64.manylinux_2_17_aarch64.manylinux_2_28_aarch64.whl", hash = "sha256:261fbfced030228bc0f724d5d92f9ae69f46373bdfd0e04a533852677a11dbea"},
    {file = "mypy-1.18.1-cp310-cp310-manylinux2014_x86_64.manylinux_2_17_x86_64.manylinux_2_28_x86_64.whl", hash = "sha256:4dc6b34a1c6875e6286e27d836a35c0d04e8316beac4482d42cfea7ed2527df8"},
    {file = "mypy-1.18.1-cp310-cp310-musllinux_1_2_x86_64.whl", hash = "sha256:1cabb353194d2942522546501c0ff75c4043bf3b63069cb43274491b44b773c9"},
    {file = "mypy-1.18.1-cp310-cp310-win_amd64.whl", hash = "sha256:738b171690c8e47c93569635ee8ec633d2cdb06062f510b853b5f233020569a9"},
    {file = "mypy-1.18.1-cp311-cp311-macosx_10_9_x86_64.whl", hash = "sha256:6c903857b3e28fc5489e54042684a9509039ea0aedb2a619469438b544ae1961"},
    {file = "mypy-1.18.1-cp311-cp311-macosx_11_0_arm64.whl", hash = "sha256:2a0c8392c19934c2b6c65566d3a6abdc6b51d5da7f5d04e43f0eb627d6eeee65"},
    {file = "mypy-1.18.1-cp311-cp311-manylinux2014_aarch64.manylinux_2_17_aarch64.manylinux_2_28_aarch64.whl", hash = "sha256:f85eb7efa2ec73ef63fc23b8af89c2fe5bf2a4ad985ed2d3ff28c1bb3c317c92"},
    {file = "mypy-1.18.1-cp311-cp311-manylinux2014_x86_64.manylinux_2_17_x86_64.manylinux_2_28_x86_64.whl", hash = "sha256:82ace21edf7ba8af31c3308a61dc72df30500f4dbb26f99ac36b4b80809d7e94"},
    {file = "mypy-1.18.1-cp311-cp311-musllinux_1_2_x86_64.whl", hash = "sha256:a2dfd53dfe632f1ef5d161150a4b1f2d0786746ae02950eb3ac108964ee2975a"},
    {file = "mypy-1.18.1-cp311-cp311-win_amd64.whl", hash = "sha256:320f0ad4205eefcb0e1a72428dde0ad10be73da9f92e793c36228e8ebf7298c0"},
    {file = "mypy-1.18.1-cp312-cp312-macosx_10_13_x86_64.whl", hash = "sha256:502cde8896be8e638588b90fdcb4c5d5b8c1b004dfc63fd5604a973547367bb9"},
    {file = "mypy-1.18.1-cp312-cp312-macosx_11_0_arm64.whl", hash = "sha256:7509549b5e41be279afc1228242d0e397f1af2919a8f2877ad542b199dc4083e"},
    {file = "mypy-1.18.1-cp312-cp312-manylinux2014_aarch64.manylinux_2_17_aarch64.manylinux_2_28_aarch64.whl", hash = "sha256:5956ecaabb3a245e3f34100172abca1507be687377fe20e24d6a7557e07080e2"},
    {file = "mypy-1.18.1-cp312-cp312-manylinux2014_x86_64.manylinux_2_17_x86_64.manylinux_2_28_x86_64.whl", hash = "sha256:8750ceb014a96c9890421c83f0db53b0f3b8633e2864c6f9bc0a8e93951ed18d"},
    {file = "mypy-1.18.1-cp312-cp312-musllinux_1_2_x86_64.whl", hash = "sha256:fb89ea08ff41adf59476b235293679a6eb53a7b9400f6256272fb6029bec3ce5"},
    {file = "mypy-1.18.1-cp312-cp312-win_amd64.whl", hash = "sha256:2657654d82fcd2a87e02a33e0d23001789a554059bbf34702d623dafe353eabf"},
    {file = "mypy-1.18.1-cp313-cp313-macosx_10_13_x86_64.whl", hash = "sha256:d70d2b5baf9b9a20bc9c730015615ae3243ef47fb4a58ad7b31c3e0a59b5ef1f"},
    {file = "mypy-1.18.1-cp313-cp313-macosx_11_0_arm64.whl", hash = "sha256:b8367e33506300f07a43012fc546402f283c3f8bcff1dc338636affb710154ce"},
    {file = "mypy-1.18.1-cp313-cp313-manylinux2014_aarch64.manylinux_2_17_aarch64.manylinux_2_28_aarch64.whl", hash = "sha256:913f668ec50c3337b89df22f973c1c8f0b29ee9e290a8b7fe01cc1ef7446d42e"},
    {file = "mypy-1.18.1-cp313-cp313-manylinux2014_x86_64.manylinux_2_17_x86_64.manylinux_2_28_x86_64.whl", hash = "sha256:1a0e70b87eb27b33209fa4792b051c6947976f6ab829daa83819df5f58330c71"},
    {file = "mypy-1.18.1-cp313-cp313-musllinux_1_2_x86_64.whl", hash = "sha256:c378d946e8a60be6b6ede48c878d145546fb42aad61df998c056ec151bf6c746"},
    {file = "mypy-1.18.1-cp313-cp313-win_amd64.whl", hash = "sha256:2cd2c1e0f3a7465f22731987fff6fc427e3dcbb4ca5f7db5bbeaff2ff9a31f6d"},
    {file = "mypy-1.18.1-cp314-cp314-macosx_10_13_x86_64.whl", hash = "sha256:ba24603c58e34dd5b096dfad792d87b304fc6470cbb1c22fd64e7ebd17edcc61"},
    {file = "mypy-1.18.1-cp314-cp314-macosx_11_0_arm64.whl", hash = "sha256:ed36662fb92ae4cb3cacc682ec6656208f323bbc23d4b08d091eecfc0863d4b5"},
    {file = "mypy-1.18.1-cp314-cp314-manylinux2014_aarch64.manylinux_2_17_aarch64.manylinux_2_28_aarch64.whl", hash = "sha256:040ecc95e026f71a9ad7956fea2724466602b561e6a25c2e5584160d3833aaa8"},
    {file = "mypy-1.18.1-cp314-cp314-manylinux2014_x86_64.manylinux_2_17_x86_64.manylinux_2_28_x86_64.whl", hash = "sha256:937e3ed86cb731276706e46e03512547e43c391a13f363e08d0fee49a7c38a0d"},
    {file = "mypy-1.18.1-cp314-cp314-musllinux_1_2_x86_64.whl", hash = "sha256:1f95cc4f01c0f1701ca3b0355792bccec13ecb2ec1c469e5b85a6ef398398b1d"},
    {file = "mypy-1.18.1-cp314-cp314-win_amd64.whl", hash = "sha256:e4f16c0019d48941220ac60b893615be2f63afedaba6a0801bdcd041b96991ce"},
    {file = "mypy-1.18.1-cp39-cp39-macosx_10_9_x86_64.whl", hash = "sha256:e37763af63a8018308859bc83d9063c501a5820ec5bd4a19f0a2ac0d1c25c061"},
    {file = "mypy-1.18.1-cp39-cp39-macosx_11_0_arm64.whl", hash = "sha256:51531b6e94f34b8bd8b01dee52bbcee80daeac45e69ec5c36e25bce51cbc46e6"},
    {file = "mypy-1.18.1-cp39-cp39-manylinux2014_aarch64.manylinux_2_17_aarch64.manylinux_2_28_aarch64.whl", hash = "sha256:dbfdea20e90e9c5476cea80cfd264d8e197c6ef2c58483931db2eefb2f7adc14"},
    {file = "mypy-1.18.1-cp39-cp39-manylinux2014_x86_64.manylinux_2_17_x86_64.manylinux_2_28_x86_64.whl", hash = "sha256:99f272c9b59f5826fffa439575716276d19cbf9654abc84a2ba2d77090a0ba14"},
    {file = "mypy-1.18.1-cp39-cp39-musllinux_1_2_x86_64.whl", hash = "sha256:8c05a7f8c00300a52f3a4fcc95a185e99bf944d7e851ff141bae8dcf6dcfeac4"},
    {file = "mypy-1.18.1-cp39-cp39-win_amd64.whl", hash = "sha256:2fbcecbe5cf213ba294aa8c0b8c104400bf7bb64db82fb34fe32a205da4b3531"},
    {file = "mypy-1.18.1-py3-none-any.whl", hash = "sha256:b76a4de66a0ac01da1be14ecc8ae88ddea33b8380284a9e3eae39d57ebcbe26e"},
    {file = "mypy-1.18.1.tar.gz", hash = "sha256:9e988c64ad3ac5987f43f5154f884747faf62141b7f842e87465b45299eea5a9"},
]

[package.dependencies]
mypy_extensions = ">=1.0.0"
pathspec = ">=0.9.0"
tomli = {version = ">=1.1.0", markers = "python_version < \"3.11\""}
typing_extensions = ">=4.6.0"

[package.extras]
dmypy = ["psutil (>=4.0)"]
faster-cache = ["orjson"]
install-types = ["pip"]
mypyc = ["setuptools (>=50)"]
reports = ["lxml"]

[[package]]
name = "mypy-extensions"
version = "1.1.0"
description = "Type system extensions for programs checked with the mypy type checker."
optional = false
python-versions = ">=3.8"
groups = ["typing"]
files = [
    {file = "mypy_extensions-1.1.0-py3-none-any.whl", hash = "sha256:1be4cccdb0f2482337c4743e60421de3a356cd97508abadd57d47403e94f5505"},
    {file = "mypy_extensions-1.1.0.tar.gz", hash = "sha256:52e68efc3284861e772bbcd66823fde5ae21fd2fdb51c62a211403730b916558"},
]

[[package]]
name = "nodeenv"
version = "1.9.1"
description = "Node.js virtual environment builder"
optional = false
python-versions = "!=3.0.*,!=3.1.*,!=3.2.*,!=3.3.*,!=3.4.*,!=3.5.*,!=3.6.*,>=2.7"
groups = ["typing"]
files = [
    {file = "nodeenv-1.9.1-py2.py3-none-any.whl", hash = "sha256:ba11c9782d29c27c70ffbdda2d7415098754709be8a7056d79a737cd901155c9"},
    {file = "nodeenv-1.9.1.tar.gz", hash = "sha256:6ec12890a2dab7946721edbfbcd91f3319c6ccc9aec47be7c7e6b7011ee6645f"},
]

[[package]]
name = "pathspec"
version = "0.12.1"
description = "Utility library for gitignore style pattern matching of file paths."
optional = false
python-versions = ">=3.8"
groups = ["typing"]
files = [
    {file = "pathspec-0.12.1-py3-none-any.whl", hash = "sha256:a0d503e138a4c123b27490a4f7beda6a01c6f288df0e4a8b79c7eb0dc7b4cc08"},
    {file = "pathspec-0.12.1.tar.gz", hash = "sha256:a482d51503a1ab33b1c67a6c3813a26953dbdc71c31dacaef9a838c4e29f5712"},
]

[[package]]
name = "pyright"
version = "1.1.405"
description = "Command line wrapper for pyright"
optional = false
python-versions = ">=3.7"
groups = ["typing"]
files = [
    {file = "pyright-1.1.405-py3-none-any.whl", hash = "sha256:a2cb13700b5508ce8e5d4546034cb7ea4aedb60215c6c33f56cec7f53996035a"},
    {file = "pyright-1.1.405.tar.gz", hash = "sha256:5c2a30e1037af27eb463a1cc0b9f6d65fec48478ccf092c1ac28385a15c55763"},
]

[package.dependencies]
nodeenv = ">=1.6.0"
typing-extensions = ">=4.1"

[package.extras]
all = ["nodejs-wheel-binaries", "twine (>=3.4.1)"]
dev = ["twine (>=3.4.1)"]
nodejs = ["nodejs-wheel-binaries"]

[[package]]
name = "tomli"
version = "2.2.1"
description = "A lil' TOML parser"
optional = false
python-versions = ">=3.8"
groups = ["typing"]
markers = "python_version < \"3.11\""
files = [
    {file = "tomli-2.2.1-cp311-cp311-macosx_10_9_x86_64.whl", hash = "sha256:678e4fa69e4575eb77d103de3df8a895e1591b48e740211bd1067378c69e8249"},
    {file = "tomli-2.2.1-cp311-cp311-macosx_11_0_arm64.whl", hash = "sha256:023aa114dd824ade0100497eb2318602af309e5a55595f76b626d6d9f3b7b0a6"},
    {file = "tomli-2.2.1-cp311-cp311-manylinux_2_17_aarch64.manylinux2014_aarch64.whl", hash = "sha256:ece47d672db52ac607a3d9599a9d48dcb2f2f735c6c2d1f34130085bb12b112a"},
    {file = "tomli-2.2.1-cp311-cp311-manylinux_2_17_x86_64.manylinux2014_x86_64.whl", hash = "sha256:6972ca9c9cc9f0acaa56a8ca1ff51e7af152a9f87fb64623e31d5c83700080ee"},
    {file = "tomli-2.2.1-cp311-cp311-manylinux_2_5_i686.manylinux1_i686.manylinux_2_17_i686.manylinux2014_i686.whl", hash = "sha256:c954d2250168d28797dd4e3ac5cf812a406cd5a92674ee4c8f123c889786aa8e"},
    {file = "tomli-2.2.1-cp311-cp311-musllinux_1_2_aarch64.whl", hash = "sha256:8dd28b3e155b80f4d54beb40a441d366adcfe740969820caf156c019fb5c7ec4"},
    {file = "tomli-2.2.1-cp311-cp311-musllinux_1_2_i686.whl", hash = "sha256:e59e304978767a54663af13c07b3d1af22ddee3bb2fb0618ca1593e4f593a106"},
    {file = "tomli-2.2.1-cp311-cp311-musllinux_1_2_x86_64.whl", hash = "sha256:33580bccab0338d00994d7f16f4c4ec25b776af3ffaac1ed74e0b3fc95e885a8"},
    {file = "tomli-2.2.1-cp311-cp311-win32.whl", hash = "sha256:465af0e0875402f1d226519c9904f37254b3045fc5084697cefb9bdde1ff99ff"},
    {file = "tomli-2.2.1-cp311-cp311-win_amd64.whl", hash = "sha256:2d0f2fdd22b02c6d81637a3c95f8cd77f995846af7414c5c4b8d0545afa1bc4b"},
    {file = "tomli-2.2.1-cp312-cp312-macosx_10_13_x86_64.whl", hash = "sha256:4a8f6e44de52d5e6c657c9fe83b562f5f4256d8ebbfe4ff922c495620a7f6cea"},
    {file = "tomli-2.2.1-cp312-cp312-macosx_11_0_arm64.whl", hash = "sha256:8d57ca8095a641b8237d5b079147646153d22552f1c637fd3ba7f4b0b29167a8"},
    {file = "tomli-2.2.1-cp312-cp312-manylinux_2_17_aarch64.manylinux2014_aarch64.whl", hash = "sha256:4e340144ad7ae1533cb897d406382b4b6fede8890a03738ff1683af800d54192"},
    {file = "tomli-2.2.1-cp312-cp312-manylinux_2_17_x86_64.manylinux2014_x86_64.whl", hash = "sha256:db2b95f9de79181805df90bedc5a5ab4c165e6ec3fe99f970d0e302f384ad222"},
    {file = "tomli-2.2.1-cp312-cp312-manylinux_2_5_i686.manylinux1_i686.manylinux_2_17_i686.manylinux2014_i686.whl", hash = "sha256:40741994320b232529c802f8bc86da4e1aa9f413db394617b9a256ae0f9a7f77"},
    {file = "tomli-2.2.1-cp312-cp312-musllinux_1_2_aarch64.whl", hash = "sha256:400e720fe168c0f8521520190686ef8ef033fb19fc493da09779e592861b78c6"},
    {file = "tomli-2.2.1-cp312-cp312-musllinux_1_2_i686.whl", hash = "sha256:02abe224de6ae62c19f090f68da4e27b10af2b93213d36cf44e6e1c5abd19fdd"},
    {file = "tomli-2.2.1-cp312-cp312-musllinux_1_2_x86_64.whl", hash = "sha256:b82ebccc8c8a36f2094e969560a1b836758481f3dc360ce9a3277c65f374285e"},
    {file = "tomli-2.2.1-cp312-cp312-win32.whl", hash = "sha256:889f80ef92701b9dbb224e49ec87c645ce5df3fa2cc548664eb8a25e03127a98"},
    {file = "tomli-2.2.1-cp312-cp312-win_amd64.whl", hash = "sha256:7fc04e92e1d624a4a63c76474610238576942d6b8950a2d7f908a340494e67e4"},
    {file = "tomli-2.2.1-cp313-cp313-macosx_10_13_x86_64.whl", hash = "sha256:f4039b9cbc3048b2416cc57ab3bda989a6fcf9b36cf8937f01a6e731b64f80d7"},
    {file = "tomli-2.2.1-cp313-cp313-macosx_11_0_arm64.whl", hash = "sha256:286f0ca2ffeeb5b9bd4fcc8d6c330534323ec51b2f52da063b11c502da16f30c"},
    {file = "tomli-2.2.1-cp313-cp313-manylinux_2_17_aarch64.manylinux2014_aarch64.whl", hash = "sha256:a92ef1a44547e894e2a17d24e7557a5e85a9e1d0048b0b5e7541f76c5032cb13"},
    {file = "tomli-2.2.1-cp313-cp313-manylinux_2_17_x86_64.manylinux2014_x86_64.whl", hash = "sha256:9316dc65bed1684c9a98ee68759ceaed29d229e985297003e494aa825ebb0281"},
    {file = "tomli-2.2.1-cp313-cp313-manylinux_2_5_i686.manylinux1_i686.manylinux_2_17_i686.manylinux2014_i686.whl", hash = "sha256:e85e99945e688e32d5a35c1ff38ed0b3f41f43fad8df0bdf79f72b2ba7bc5272"},
    {file = "tomli-2.2.1-cp313-cp313-musllinux_1_2_aarch64.whl", hash = "sha256:ac065718db92ca818f8d6141b5f66369833d4a80a9d74435a268c52bdfa73140"},
    {file = "tomli-2.2.1-cp313-cp313-musllinux_1_2_i686.whl", hash = "sha256:d920f33822747519673ee656a4b6ac33e382eca9d331c87770faa3eef562aeb2"},
    {file = "tomli-2.2.1-cp313-cp313-musllinux_1_2_x86_64.whl", hash = "sha256:a198f10c4d1b1375d7687bc25294306e551bf1abfa4eace6650070a5c1ae2744"},
    {file = "tomli-2.2.1-cp313-cp313-win32.whl", hash = "sha256:d3f5614314d758649ab2ab3a62d4f2004c825922f9e370b29416484086b264ec"},
    {file = "tomli-2.2.1-cp313-cp313-win_amd64.whl", hash = "sha256:a38aa0308e754b0e3c67e344754dff64999ff9b513e691d0e786265c93583c69"},
    {file = "tomli-2.2.1-py3-none-any.whl", hash = "sha256:cb55c73c5f4408779d0cf3eef9f762b9c9f147a77de7b258bef0a5628adc85cc"},
    {file = "tomli-2.2.1.tar.gz", hash = "sha256:cd45e1dc79c835ce60f7404ec8119f2eb06d38b1deba146f07ced3bbc44505ff"},
]

[[package]]
name = "typing-extensions"
version = "4.15.0"
description = "Backported and Experimental Type Hints for Python 3.9+"
optional = false
python-versions = ">=3.9"
groups = ["main", "typing"]
files = [
    {file = "typing_extensions-4.15.0-py3-none-any.whl", hash = "sha256:f0fa19c6845758ab08074a0cfa8b7aecb71c999ca73d62883bc25cc018c4e548"},
    {file = "typing_extensions-4.15.0.tar.gz", hash = "sha256:0cea48d173cc12fa28ecabc3b837ea3cf6f38c6d1136f85cbaaf598984861466"},
]

[metadata]
lock-version = "2.1"
python-versions = ">=3.9"
content-hash = "e1b7946cfd2f9fd03b5e8c48337b456f6689a470dbccfd94b24495c38851b6c2"
